// !$*UTF8*$!
{
	archiveVersion = 1;
	classes = {
	};
	objectVersion = 46;
	objects = {

/* Begin PBXBuildFile section */
		0C0567981D9225970094551D /* KYRequestManager.m in Sources */ = {isa = PBXBuildFile; fileRef = 0C0567971D9225970094551D /* KYRequestManager.m */; };
		0C05679D1D923B190094551D /* KYUtils.m in Sources */ = {isa = PBXBuildFile; fileRef = 0C05679C1D923B190094551D /* KYUtils.m */; };
		0C9259621D911654007290CC /* main.m in Sources */ = {isa = PBXBuildFile; fileRef = 0C9259611D911654007290CC /* main.m */; };
		0C92596D1D911654007290CC /* Assets.xcassets in Resources */ = {isa = PBXBuildFile; fileRef = 0C92596C1D911654007290CC /* Assets.xcassets */; };
		0C9259701D911654007290CC /* LaunchScreen.storyboard in Resources */ = {isa = PBXBuildFile; fileRef = 0C92596E1D911654007290CC /* LaunchScreen.storyboard */; };
		0C92597F1D91170F007290CC /* AppDelegate.m in Sources */ = {isa = PBXBuildFile; fileRef = 0C92597E1D91170F007290CC /* AppDelegate.m */; };
		0C9259821D9117B4007290CC /* KYBaseViewController.m in Sources */ = {isa = PBXBuildFile; fileRef = 0C9259811D9117B4007290CC /* KYBaseViewController.m */; };
		0C9259851D9124F2007290CC /* KYBaseTableViewController.m in Sources */ = {isa = PBXBuildFile; fileRef = 0C9259841D9124F2007290CC /* KYBaseTableViewController.m */; };
		0C92598A1D9138BB007290CC /* KYFileCacheManager.m in Sources */ = {isa = PBXBuildFile; fileRef = 0C9259891D9138BB007290CC /* KYFileCacheManager.m */; };
		0C9259901D913B9C007290CC /* NSFileManager+Paths.m in Sources */ = {isa = PBXBuildFile; fileRef = 0C92598F1D913B9C007290CC /* NSFileManager+Paths.m */; };
		6108353EDB1BB7DAD65A3CA1 /* libPods-KYLibrary.a in Frameworks */ = {isa = PBXBuildFile; fileRef = FFA9013E41854423881ED825 /* libPods-KYLibrary.a */; };
/* End PBXBuildFile section */

/* Begin PBXFileReference section */
		0C0567961D9225970094551D /* KYRequestManager.h */ = {isa = PBXFileReference; fileEncoding = 4; lastKnownFileType = sourcecode.c.h; path = KYRequestManager.h; sourceTree = "<group>"; };
		0C0567971D9225970094551D /* KYRequestManager.m */ = {isa = PBXFileReference; fileEncoding = 4; lastKnownFileType = sourcecode.c.objc; path = KYRequestManager.m; sourceTree = "<group>"; };
		0C05679A1D9237320094551D /* KYDefaultHeader.h */ = {isa = PBXFileReference; lastKnownFileType = sourcecode.c.h; path = KYDefaultHeader.h; sourceTree = "<group>"; };
		0C05679B1D923B190094551D /* KYUtils.h */ = {isa = PBXFileReference; fileEncoding = 4; lastKnownFileType = sourcecode.c.h; path = KYUtils.h; sourceTree = "<group>"; };
		0C05679C1D923B190094551D /* KYUtils.m */ = {isa = PBXFileReference; fileEncoding = 4; lastKnownFileType = sourcecode.c.objc; path = KYUtils.m; sourceTree = "<group>"; };
		0C92595D1D911654007290CC /* KYLibrary.app */ = {isa = PBXFileReference; explicitFileType = wrapper.application; includeInIndex = 0; path = KYLibrary.app; sourceTree = BUILT_PRODUCTS_DIR; };
		0C9259611D911654007290CC /* main.m */ = {isa = PBXFileReference; lastKnownFileType = sourcecode.c.objc; path = main.m; sourceTree = "<group>"; };
		0C92596C1D911654007290CC /* Assets.xcassets */ = {isa = PBXFileReference; lastKnownFileType = folder.assetcatalog; path = Assets.xcassets; sourceTree = "<group>"; };
		0C92596F1D911654007290CC /* Base */ = {isa = PBXFileReference; lastKnownFileType = file.storyboard; name = Base; path = Base.lproj/LaunchScreen.storyboard; sourceTree = "<group>"; };
		0C9259711D911654007290CC /* Info.plist */ = {isa = PBXFileReference; lastKnownFileType = text.plist.xml; path = Info.plist; sourceTree = "<group>"; };
		0C92597D1D91170F007290CC /* AppDelegate.h */ = {isa = PBXFileReference; fileEncoding = 4; lastKnownFileType = sourcecode.c.h; path = AppDelegate.h; sourceTree = "<group>"; };
		0C92597E1D91170F007290CC /* AppDelegate.m */ = {isa = PBXFileReference; fileEncoding = 4; lastKnownFileType = sourcecode.c.objc; path = AppDelegate.m; sourceTree = "<group>"; };
		0C9259801D9117B4007290CC /* KYBaseViewController.h */ = {isa = PBXFileReference; fileEncoding = 4; lastKnownFileType = sourcecode.c.h; path = KYBaseViewController.h; sourceTree = "<group>"; };
		0C9259811D9117B4007290CC /* KYBaseViewController.m */ = {isa = PBXFileReference; fileEncoding = 4; lastKnownFileType = sourcecode.c.objc; path = KYBaseViewController.m; sourceTree = "<group>"; };
		0C9259831D9124F2007290CC /* KYBaseTableViewController.h */ = {isa = PBXFileReference; fileEncoding = 4; lastKnownFileType = sourcecode.c.h; path = KYBaseTableViewController.h; sourceTree = "<group>"; };
		0C9259841D9124F2007290CC /* KYBaseTableViewController.m */ = {isa = PBXFileReference; fileEncoding = 4; lastKnownFileType = sourcecode.c.objc; path = KYBaseTableViewController.m; sourceTree = "<group>"; };
		0C9259881D9138BB007290CC /* KYFileCacheManager.h */ = {isa = PBXFileReference; fileEncoding = 4; lastKnownFileType = sourcecode.c.h; path = KYFileCacheManager.h; sourceTree = "<group>"; };
		0C9259891D9138BB007290CC /* KYFileCacheManager.m */ = {isa = PBXFileReference; fileEncoding = 4; lastKnownFileType = sourcecode.c.objc; path = KYFileCacheManager.m; sourceTree = "<group>"; };
		0C92598E1D913B9C007290CC /* NSFileManager+Paths.h */ = {isa = PBXFileReference; fileEncoding = 4; lastKnownFileType = sourcecode.c.h; path = "NSFileManager+Paths.h"; sourceTree = "<group>"; };
		0C92598F1D913B9C007290CC /* NSFileManager+Paths.m */ = {isa = PBXFileReference; fileEncoding = 4; lastKnownFileType = sourcecode.c.objc; path = "NSFileManager+Paths.m"; sourceTree = "<group>"; };
		0C9259911D913BF8007290CC /* KYPrefixHeader.pch */ = {isa = PBXFileReference; lastKnownFileType = sourcecode.c.h; path = KYPrefixHeader.pch; sourceTree = "<group>"; };
		37FF0A7619402BF12C8EA814 /* Pods-KYLibrary.debug.xcconfig */ = {isa = PBXFileReference; includeInIndex = 1; lastKnownFileType = text.xcconfig; name = "Pods-KYLibrary.debug.xcconfig"; path = "Pods/Target Support Files/Pods-KYLibrary/Pods-KYLibrary.debug.xcconfig"; sourceTree = "<group>"; };
		F2BC6E9F9461A61BB471021D /* Pods-KYLibrary.release.xcconfig */ = {isa = PBXFileReference; includeInIndex = 1; lastKnownFileType = text.xcconfig; name = "Pods-KYLibrary.release.xcconfig"; path = "Pods/Target Support Files/Pods-KYLibrary/Pods-KYLibrary.release.xcconfig"; sourceTree = "<group>"; };
		FFA9013E41854423881ED825 /* libPods-KYLibrary.a */ = {isa = PBXFileReference; explicitFileType = archive.ar; includeInIndex = 0; path = "libPods-KYLibrary.a"; sourceTree = BUILT_PRODUCTS_DIR; };
/* End PBXFileReference section */

/* Begin PBXFrameworksBuildPhase section */
		0C92595A1D911654007290CC /* Frameworks */ = {
			isa = PBXFrameworksBuildPhase;
			buildActionMask = 2147483647;
			files = (
				6108353EDB1BB7DAD65A3CA1 /* libPods-KYLibrary.a in Frameworks */,
			);
			runOnlyForDeploymentPostprocessing = 0;
		};
/* End PBXFrameworksBuildPhase section */

/* Begin PBXGroup section */
		0C9259541D911654007290CC = {
			isa = PBXGroup;
			children = (
				0C92595F1D911654007290CC /* KYLibrary */,
				0C92595E1D911654007290CC /* Products */,
				82F3187B9B9DA50917B65E7F /* Pods */,
				6C6BEF310B6A9CB9524A9AC8 /* Frameworks */,
			);
			sourceTree = "<group>";
		};
		0C92595E1D911654007290CC /* Products */ = {
			isa = PBXGroup;
			children = (
				0C92595D1D911654007290CC /* KYLibrary.app */,
			);
			name = Products;
			sourceTree = "<group>";
		};
		0C92595F1D911654007290CC /* KYLibrary */ = {
			isa = PBXGroup;
			children = (
				0C9259771D91170F007290CC /* Base */,
				0C9259861D913899007290CC /* Other */,
				0C92597C1D91170F007290CC /* Application */,
				0C9259601D911654007290CC /* Supporting Files */,
			);
			path = KYLibrary;
			sourceTree = "<group>";
		};
		0C9259601D911654007290CC /* Supporting Files */ = {
			isa = PBXGroup;
			children = (
				0C92596C1D911654007290CC /* Assets.xcassets */,
				0C92596E1D911654007290CC /* LaunchScreen.storyboard */,
				0C9259711D911654007290CC /* Info.plist */,
				0C9259611D911654007290CC /* main.m */,
				0C9259911D913BF8007290CC /* KYPrefixHeader.pch */,
			);
			name = "Supporting Files";
			sourceTree = "<group>";
		};
		0C9259771D91170F007290CC /* Base */ = {
			isa = PBXGroup;
			children = (
				0C9259781D91170F007290CC /* Controller */,
				0C9259791D91170F007290CC /* Model */,
				0C92597A1D91170F007290CC /* Request */,
				0C92597B1D91170F007290CC /* View */,
			);
			path = Base;
			sourceTree = "<group>";
		};
		0C9259781D91170F007290CC /* Controller */ = {
			isa = PBXGroup;
			children = (
				0C9259801D9117B4007290CC /* KYBaseViewController.h */,
				0C9259811D9117B4007290CC /* KYBaseViewController.m */,
				0C9259831D9124F2007290CC /* KYBaseTableViewController.h */,
				0C9259841D9124F2007290CC /* KYBaseTableViewController.m */,
			);
			path = Controller;
			sourceTree = "<group>";
		};
		0C9259791D91170F007290CC /* Model */ = {
			isa = PBXGroup;
			children = (
			);
			path = Model;
			sourceTree = "<group>";
		};
		0C92597A1D91170F007290CC /* Request */ = {
			isa = PBXGroup;
			children = (
			);
			path = Request;
			sourceTree = "<group>";
		};
		0C92597B1D91170F007290CC /* View */ = {
			isa = PBXGroup;
			children = (
			);
			path = View;
			sourceTree = "<group>";
		};
		0C92597C1D91170F007290CC /* Application */ = {
			isa = PBXGroup;
			children = (
				0C92597D1D91170F007290CC /* AppDelegate.h */,
				0C92597E1D91170F007290CC /* AppDelegate.m */,
			);
			path = Application;
			sourceTree = "<group>";
		};
		0C9259861D913899007290CC /* Other */ = {
			isa = PBXGroup;
			children = (
				0C92598B1D913B9C007290CC /* Category */,
				0C9259871D913899007290CC /* Tools */,
			);
			path = Other;
			sourceTree = "<group>";
		};
		0C9259871D913899007290CC /* Tools */ = {
			isa = PBXGroup;
			children = (
				0C05679A1D9237320094551D /* KYDefaultHeader.h */,
				0C9259881D9138BB007290CC /* KYFileCacheManager.h */,
				0C9259891D9138BB007290CC /* KYFileCacheManager.m */,
				0C0567961D9225970094551D /* KYRequestManager.h */,
				0C0567971D9225970094551D /* KYRequestManager.m */,
				0C05679B1D923B190094551D /* KYUtils.h */,
				0C05679C1D923B190094551D /* KYUtils.m */,
			);
			path = Tools;
			sourceTree = "<group>";
		};
		0C92598B1D913B9C007290CC /* Category */ = {
			isa = PBXGroup;
			children = (
				0C92598C1D913B9C007290CC /* Foundation */,
			);
			name = Category;
			path = Tools/Category;
			sourceTree = "<group>";
		};
		0C92598C1D913B9C007290CC /* Foundation */ = {
			isa = PBXGroup;
			children = (
				0C92598D1D913B9C007290CC /* NSFileManager */,
			);
			path = Foundation;
			sourceTree = "<group>";
		};
		0C92598D1D913B9C007290CC /* NSFileManager */ = {
			isa = PBXGroup;
			children = (
				0C92598E1D913B9C007290CC /* NSFileManager+Paths.h */,
				0C92598F1D913B9C007290CC /* NSFileManager+Paths.m */,
			);
			path = NSFileManager;
			sourceTree = "<group>";
		};
		6C6BEF310B6A9CB9524A9AC8 /* Frameworks */ = {
			isa = PBXGroup;
			children = (
				FFA9013E41854423881ED825 /* libPods-KYLibrary.a */,
			);
			name = Frameworks;
			sourceTree = "<group>";
		};
		82F3187B9B9DA50917B65E7F /* Pods */ = {
			isa = PBXGroup;
			children = (
				37FF0A7619402BF12C8EA814 /* Pods-KYLibrary.debug.xcconfig */,
				F2BC6E9F9461A61BB471021D /* Pods-KYLibrary.release.xcconfig */,
			);
			name = Pods;
			sourceTree = "<group>";
		};
/* End PBXGroup section */

/* Begin PBXNativeTarget section */
		0C92595C1D911654007290CC /* KYLibrary */ = {
			isa = PBXNativeTarget;
			buildConfigurationList = 0C9259741D911654007290CC /* Build configuration list for PBXNativeTarget "KYLibrary" */;
			buildPhases = (
				EB60ACDF367C839FFCD69ED3 /* Check Pods Manifest.lock */,
				0C9259591D911654007290CC /* Sources */,
				0C92595A1D911654007290CC /* Frameworks */,
				0C92595B1D911654007290CC /* Resources */,
				7BDB1284746CDF2FEFD24DC5 /* Embed Pods Frameworks */,
				36AC37B9A0E6138755E1DAA4 /* Copy Pods Resources */,
			);
			buildRules = (
			);
			dependencies = (
			);
			name = KYLibrary;
			productName = KYLibrary;
			productReference = 0C92595D1D911654007290CC /* KYLibrary.app */;
			productType = "com.apple.product-type.application";
		};
/* End PBXNativeTarget section */

/* Begin PBXProject section */
		0C9259551D911654007290CC /* Project object */ = {
			isa = PBXProject;
			attributes = {
				CLASSPREFIX = KY;
				LastUpgradeCheck = 0800;
				ORGANIZATIONNAME = "黄珂耀";
				TargetAttributes = {
					0C92595C1D911654007290CC = {
						CreatedOnToolsVersion = 8.0;
						ProvisioningStyle = Automatic;
					};
				};
			};
			buildConfigurationList = 0C9259581D911654007290CC /* Build configuration list for PBXProject "KYLibrary" */;
			compatibilityVersion = "Xcode 3.2";
			developmentRegion = English;
			hasScannedForEncodings = 0;
			knownRegions = (
				en,
				Base,
			);
			mainGroup = 0C9259541D911654007290CC;
			productRefGroup = 0C92595E1D911654007290CC /* Products */;
			projectDirPath = "";
			projectRoot = "";
			targets = (
				0C92595C1D911654007290CC /* KYLibrary */,
			);
		};
/* End PBXProject section */

/* Begin PBXResourcesBuildPhase section */
		0C92595B1D911654007290CC /* Resources */ = {
			isa = PBXResourcesBuildPhase;
			buildActionMask = 2147483647;
			files = (
				0C9259701D911654007290CC /* LaunchScreen.storyboard in Resources */,
				0C92596D1D911654007290CC /* Assets.xcassets in Resources */,
			);
			runOnlyForDeploymentPostprocessing = 0;
		};
/* End PBXResourcesBuildPhase section */

/* Begin PBXShellScriptBuildPhase section */
		36AC37B9A0E6138755E1DAA4 /* Copy Pods Resources */ = {
			isa = PBXShellScriptBuildPhase;
			buildActionMask = 2147483647;
			files = (
			);
			inputPaths = (
			);
			name = "Copy Pods Resources";
			outputPaths = (
			);
			runOnlyForDeploymentPostprocessing = 0;
			shellPath = /bin/sh;
			shellScript = "\"${SRCROOT}/Pods/Target Support Files/Pods-KYLibrary/Pods-KYLibrary-resources.sh\"\n";
			showEnvVarsInLog = 0;
		};
		7BDB1284746CDF2FEFD24DC5 /* Embed Pods Frameworks */ = {
			isa = PBXShellScriptBuildPhase;
			buildActionMask = 2147483647;
			files = (
			);
			inputPaths = (
			);
			name = "Embed Pods Frameworks";
			outputPaths = (
			);
			runOnlyForDeploymentPostprocessing = 0;
			shellPath = /bin/sh;
			shellScript = "\"${SRCROOT}/Pods/Target Support Files/Pods-KYLibrary/Pods-KYLibrary-frameworks.sh\"\n";
			showEnvVarsInLog = 0;
		};
		EB60ACDF367C839FFCD69ED3 /* Check Pods Manifest.lock */ = {
			isa = PBXShellScriptBuildPhase;
			buildActionMask = 2147483647;
			files = (
			);
			inputPaths = (
			);
			name = "Check Pods Manifest.lock";
			outputPaths = (
			);
			runOnlyForDeploymentPostprocessing = 0;
			shellPath = /bin/sh;
			shellScript = "diff \"${PODS_ROOT}/../Podfile.lock\" \"${PODS_ROOT}/Manifest.lock\" > /dev/null\nif [[ $? != 0 ]] ; then\n    cat << EOM\nerror: The sandbox is not in sync with the Podfile.lock. Run 'pod install' or update your CocoaPods installation.\nEOM\n    exit 1\nfi\n";
			showEnvVarsInLog = 0;
		};
/* End PBXShellScriptBuildPhase section */

/* Begin PBXSourcesBuildPhase section */
		0C9259591D911654007290CC /* Sources */ = {
			isa = PBXSourcesBuildPhase;
			buildActionMask = 2147483647;
			files = (
				0C0567981D9225970094551D /* KYRequestManager.m in Sources */,
				0C05679D1D923B190094551D /* KYUtils.m in Sources */,
				0C9259851D9124F2007290CC /* KYBaseTableViewController.m in Sources */,
				0C92597F1D91170F007290CC /* AppDelegate.m in Sources */,
				0C9259821D9117B4007290CC /* KYBaseViewController.m in Sources */,
				0C92598A1D9138BB007290CC /* KYFileCacheManager.m in Sources */,
				0C9259621D911654007290CC /* main.m in Sources */,
				0C9259901D913B9C007290CC /* NSFileManager+Paths.m in Sources */,
			);
			runOnlyForDeploymentPostprocessing = 0;
		};
/* End PBXSourcesBuildPhase section */

/* Begin PBXVariantGroup section */
		0C92596E1D911654007290CC /* LaunchScreen.storyboard */ = {
			isa = PBXVariantGroup;
			children = (
				0C92596F1D911654007290CC /* Base */,
			);
			name = LaunchScreen.storyboard;
			sourceTree = "<group>";
		};
/* End PBXVariantGroup section */

/* Begin XCBuildConfiguration section */
		0C9259721D911654007290CC /* Debug */ = {
			isa = XCBuildConfiguration;
			buildSettings = {
				ALWAYS_SEARCH_USER_PATHS = NO;
				CLANG_ANALYZER_NONNULL = YES;
				CLANG_CXX_LANGUAGE_STANDARD = "gnu++0x";
				CLANG_CXX_LIBRARY = "libc++";
				CLANG_ENABLE_MODULES = YES;
				CLANG_ENABLE_OBJC_ARC = YES;
				CLANG_WARN_BOOL_CONVERSION = YES;
				CLANG_WARN_CONSTANT_CONVERSION = YES;
				CLANG_WARN_DIRECT_OBJC_ISA_USAGE = YES_ERROR;
				CLANG_WARN_DOCUMENTATION_COMMENTS = YES;
				CLANG_WARN_EMPTY_BODY = YES;
				CLANG_WARN_ENUM_CONVERSION = YES;
				CLANG_WARN_INFINITE_RECURSION = YES;
				CLANG_WARN_INT_CONVERSION = YES;
				CLANG_WARN_OBJC_ROOT_CLASS = YES_ERROR;
				CLANG_WARN_SUSPICIOUS_MOVE = YES;
				CLANG_WARN_SUSPICIOUS_MOVES = YES;
				CLANG_WARN_UNREACHABLE_CODE = YES;
				CLANG_WARN__DUPLICATE_METHOD_MATCH = YES;
				"CODE_SIGN_IDENTITY[sdk=iphoneos*]" = "iPhone Developer";
				COPY_PHASE_STRIP = NO;
				DEBUG_INFORMATION_FORMAT = dwarf;
				ENABLE_STRICT_OBJC_MSGSEND = YES;
				ENABLE_TESTABILITY = YES;
				GCC_C_LANGUAGE_STANDARD = gnu99;
				GCC_DYNAMIC_NO_PIC = NO;
				GCC_NO_COMMON_BLOCKS = YES;
				GCC_OPTIMIZATION_LEVEL = 0;
				GCC_PREPROCESSOR_DEFINITIONS = (
					"DEBUG=1",
					"$(inherited)",
				);
				GCC_WARN_64_TO_32_BIT_CONVERSION = YES;
				GCC_WARN_ABOUT_RETURN_TYPE = YES_ERROR;
				GCC_WARN_UNDECLARED_SELECTOR = YES;
				GCC_WARN_UNINITIALIZED_AUTOS = YES_AGGRESSIVE;
				GCC_WARN_UNUSED_FUNCTION = YES;
				GCC_WARN_UNUSED_VARIABLE = YES;
				IPHONEOS_DEPLOYMENT_TARGET = 10.0;
				MTL_ENABLE_DEBUG_INFO = YES;
				ONLY_ACTIVE_ARCH = YES;
				SDKROOT = iphoneos;
			};
			name = Debug;
		};
		0C9259731D911654007290CC /* Release */ = {
			isa = XCBuildConfiguration;
			buildSettings = {
				ALWAYS_SEARCH_USER_PATHS = NO;
				CLANG_ANALYZER_NONNULL = YES;
				CLANG_CXX_LANGUAGE_STANDARD = "gnu++0x";
				CLANG_CXX_LIBRARY = "libc++";
				CLANG_ENABLE_MODULES = YES;
				CLANG_ENABLE_OBJC_ARC = YES;
				CLANG_WARN_BOOL_CONVERSION = YES;
				CLANG_WARN_CONSTANT_CONVERSION = YES;
				CLANG_WARN_DIRECT_OBJC_ISA_USAGE = YES_ERROR;
				CLANG_WARN_DOCUMENTATION_COMMENTS = YES;
				CLANG_WARN_EMPTY_BODY = YES;
				CLANG_WARN_ENUM_CONVERSION = YES;
				CLANG_WARN_INFINITE_RECURSION = YES;
				CLANG_WARN_INT_CONVERSION = YES;
				CLANG_WARN_OBJC_ROOT_CLASS = YES_ERROR;
				CLANG_WARN_SUSPICIOUS_MOVE = YES;
				CLANG_WARN_SUSPICIOUS_MOVES = YES;
				CLANG_WARN_UNREACHABLE_CODE = YES;
				CLANG_WARN__DUPLICATE_METHOD_MATCH = YES;
				"CODE_SIGN_IDENTITY[sdk=iphoneos*]" = "iPhone Developer";
				COPY_PHASE_STRIP = NO;
				DEBUG_INFORMATION_FORMAT = "dwarf-with-dsym";
				ENABLE_NS_ASSERTIONS = NO;
				ENABLE_STRICT_OBJC_MSGSEND = YES;
				GCC_C_LANGUAGE_STANDARD = gnu99;
				GCC_NO_COMMON_BLOCKS = YES;
				GCC_WARN_64_TO_32_BIT_CONVERSION = YES;
				GCC_WARN_ABOUT_RETURN_TYPE = YES_ERROR;
				GCC_WARN_UNDECLARED_SELECTOR = YES;
				GCC_WARN_UNINITIALIZED_AUTOS = YES_AGGRESSIVE;
				GCC_WARN_UNUSED_FUNCTION = YES;
				GCC_WARN_UNUSED_VARIABLE = YES;
				IPHONEOS_DEPLOYMENT_TARGET = 10.0;
				MTL_ENABLE_DEBUG_INFO = NO;
				SDKROOT = iphoneos;
				VALIDATE_PRODUCT = YES;
			};
			name = Release;
		};
		0C9259751D911654007290CC /* Debug */ = {
			isa = XCBuildConfiguration;
			baseConfigurationReference = 37FF0A7619402BF12C8EA814 /* Pods-KYLibrary.debug.xcconfig */;
			buildSettings = {
				ASSETCATALOG_COMPILER_APPICON_NAME = AppIcon;
				GCC_PREFIX_HEADER = "$(SRCROOT)/KYLibrary/KYPrefixHeader.pch";
				INFOPLIST_FILE = KYLibrary/Info.plist;
				LD_RUNPATH_SEARCH_PATHS = "$(inherited) @executable_path/Frameworks";
				PRODUCT_BUNDLE_IDENTIFIER = "-.KYLibrary";
				PRODUCT_NAME = "$(TARGET_NAME)";
			};
			name = Debug;
		};
		0C9259761D911654007290CC /* Release */ = {
			isa = XCBuildConfiguration;
			baseConfigurationReference = F2BC6E9F9461A61BB471021D /* Pods-KYLibrary.release.xcconfig */;
			buildSettings = {
				ASSETCATALOG_COMPILER_APPICON_NAME = AppIcon;
				GCC_PREFIX_HEADER = "$(SRCROOT)/KYLibrary/KYPrefixHeader.pch";
				INFOPLIST_FILE = KYLibrary/Info.plist;
				LD_RUNPATH_SEARCH_PATHS = "$(inherited) @executable_path/Frameworks";
				PRODUCT_BUNDLE_IDENTIFIER = "-.KYLibrary";
				PRODUCT_NAME = "$(TARGET_NAME)";
			};
			name = Release;
		};
/* End XCBuildConfiguration section */

/* Begin XCConfigurationList section */
		0C9259581D911654007290CC /* Build configuration list for PBXProject "KYLibrary" */ = {
			isa = XCConfigurationList;
			buildConfigurations = (
				0C9259721D911654007290CC /* Debug */,
				0C9259731D911654007290CC /* Release */,
			);
			defaultConfigurationIsVisible = 0;
			defaultConfigurationName = Release;
		};
		0C9259741D911654007290CC /* Build configuration list for PBXNativeTarget "KYLibrary" */ = {
			isa = XCConfigurationList;
			buildConfigurations = (
				0C9259751D911654007290CC /* Debug */,
				0C9259761D911654007290CC /* Release */,
			);
			defaultConfigurationIsVisible = 0;
			defaultConfigurationName = Release;
		};
/* End XCConfigurationList section */
	};
	rootObject = 0C9259551D911654007290CC /* Project object */;
}
